
Microsoft Visual Studio Solution File, Format Version 12.00
# Visual Studio 14
VisualStudioVersion = 14.0.23107.0
MinimumVisualStudioVersion = 10.0.40219.1
Project("{FAE04EC0-301F-11D3-BF4B-00C04F79EFBC}") = "SIA", "SIA\SIA.csproj", "{89794821-2D89-4C90-A1ED-9D638EA7660C}"
EndProject
Project("{FAE04EC0-301F-11D3-BF4B-00C04F79EFBC}") = "SIA.Tests", "SIA.Tests\SIA.Tests.csproj", "{400C9C56-3E4B-4803-8E23-38092D3F6922}"
EndProject
Global
	GlobalSection(SolutionConfigurationPlatforms) = preSolution
		Debug|Any CPU = Debug|Any CPU
		Release|Any CPU = Release|Any CPU
	EndGlobalSection
	GlobalSection(ProjectConfigurationPlatforms) = postSolution
		{89794821-2D89-4C90-A1ED-9D638EA7660C}.Debug|Any CPU.ActiveCfg = Debug|Any CPU
		{89794821-2D89-4C90-A1ED-9D638EA7660C}.Debug|Any CPU.Build.0 = Debug|Any CPU
		{89794821-2D89-4C90-A1ED-9D638EA7660C}.Release|Any CPU.ActiveCfg = Release|Any CPU
		{89794821-2D89-4C90-A1ED-9D638EA7660C}.Release|Any CPU.Build.0 = Release|Any CPU
		{400C9C56-3E4B-4803-8E23-38092D3F6922}.Debug|Any CPU.ActiveCfg = Debug|Any CPU
		{400C9C56-3E4B-4803-8E23-38092D3F6922}.Debug|Any CPU.Build.0 = Debug|Any CPU
		{400C9C56-3E4B-4803-8E23-38092D3F6922}.Release|Any CPU.ActiveCfg = Release|Any CPU
		{400C9C56-3E4B-4803-8E23-38092D3F6922}.Release|Any CPU.Build.0 = Release|Any CPU
	EndGlobalSection
	GlobalSection(SolutionProperties) = preSolution
		HideSolutionNode = FALSE
	EndGlobalSection
EndGlobal
